{
  "lockfileVersion": 1,
  "configVersion": 1,
  "workspaces": {
    "": {
      "name": "test",
      "dependencies": {
        "bun-types": "^1.3.14",
        "litesvm": "^1.1.0",
      },
      "devDependencies": {
        "@types/bun": "latest",
      },
      "peerDependencies": {
        "typescript": "^5",
      },
    },
  },
  "packages": {
    "@solana-program/system": ["@solana-program/system@0.12.2", "", { "peerDependencies": { "@solana/kit": "^6.4.0" } }, "sha512-MaBeOxlvTruQhA7UYkOb3hVTEHPPagOtd+PvTm6a8rGgvEAP0kD4BbC37NceOaR4ABNqdaCmD5OMVRKgrE6KAg=="],

    "@solana-program/token": ["@solana-program/token@0.13.0", "", { "dependencies": { "@solana-program/system": "^0.12.0" }, "peerDependencies": { "@solana/kit": "^6.5.0" } }, "sha512-/Apjrd5lwOJGrPB0J5Rv7EBeclvyEBQPAGA85Scm7wBH+GpkbdLDM9uK3TNg8jjFKyWQYai/JtPHbrx7VgFLSg=="],

    "@solana/accounts": ["@solana/accounts@6.9.0", "", { "dependencies": { "@solana/addresses": "6.9.0", "@solana/codecs-core": "6.9.0", "@solana/codecs-strings": "6.9.0", "@solana/errors": "6.9.0", "@solana/rpc-spec": "6.9.0", "@solana/rpc-types": "6.9.0" }, "peerDependencies": { "typescript": ">=5.4.0" }, "optionalPeers": ["typescript"] }, "sha512-g36AJreJrgf9AAjOfbdFHEFUTymBgzbWHoEDElZ+fDKvqBINDiUVKzDApwc7C7kGPMFqQBaoEHnQRxf2IqfKZQ=="],

    "@solana/addresses": ["@solana/addresses@6.9.0", "", { "dependencies": { "@solana/assertions": "6.9.0", "@solana/codecs-core": "6.9.0", "@solana/codecs-strings": "6.9.0", "@solana/errors": "6.9.0", "@solana/nominal-types": "6.9.0" }, "peerDependencies": { "typescript": ">=5.4.0" }, "optionalPeers": ["typescript"] }, "sha512-tWnG2L6lo/ZhcMT019F3myDsH87MM8EZbTO0cgwgvVPlEdIGblROFF3tGVrb7FVCOlbPI0ONCFyPbnrmR58LsA=="],

    "@solana/assertions": ["@solana/assertions@6.9.0", "", { "dependencies": { "@solana/errors": "6.9.0" }, "peerDependencies": { "typescript": ">=5.4.0" }, "optionalPeers": ["typescript"] }, "sha512-FjWWD6e0in+HFsHMvU2zKCbyPfKtDW6iGXZZ9+Qg1QUYpO1AEObsya3F7hb9RkZKUueK4WwWAQnIuvEUp3A1uA=="],

    "@solana/codecs": ["@solana/codecs@6.9.0", "", { "dependencies": { "@solana/codecs-core": "6.9.0", "@solana/codecs-data-structures": "6.9.0", "@solana/codecs-numbers": "6.9.0", "@solana/codecs-strings": "6.9.0", "@solana/fixed-points": "6.9.0", "@solana/options": "6.9.0" }, "peerDependencies": { "typescript": ">=5.4.0" }, "optionalPeers": ["typescript"] }, "sha512-oWOybKa1PTGI1D/FyrvGKralADM1jmVZC2AtgEo+4JTKG0+i1p9ZbwNY2UcJqdYsDMDaGHAx0LMAid9LDCxXTQ=="],

    "@solana/codecs-core": ["@solana/codecs-core@6.9.0", "", { "dependencies": { "@solana/errors": "6.9.0" }, "peerDependencies": { "typescript": ">=5.4.0" }, "optionalPeers": ["typescript"] }, "sha512-F2BmLecG/1nTtnjyD509NsEc254pxJKa2bpvotymv1lL1WfEn3zchcZ9SMIiLyL4G6J8b9F3OKIq2YSZho2AOQ=="],

    "@solana/codecs-data-structures": ["@solana/codecs-data-structures@6.9.0", "", { "dependencies": { "@solana/codecs-core": "6.9.0", "@solana/codecs-numbers": "6.9.0", "@solana/errors": "6.9.0" }, "peerDependencies": { "typescript": ">=5.4.0" }, "optionalPeers": ["typescript"] }, "sha512-f7GYtiHafvJDhqiwzUUSr/6AYSK4DCw6quPmA80NZGtkNiFa+g6LoJy2wbC0wp2dxvCwNpxf6x3ILCYRutAvvg=="],

    "@solana/codecs-numbers": ["@solana/codecs-numbers@6.9.0", "", { "dependencies": { "@solana/codecs-core": "6.9.0", "@solana/errors": "6.9.0" }, "peerDependencies": { "typescript": ">=5.4.0" }, "optionalPeers": ["typescript"] }, "sha512-XMI0FOHV2h7yPAllxWCX8z+J1msidNjXzN1mRjH5KR6C+vfzyKa2xWHve0bNSV/bjVAhqqhc7dQCpBKuF4+ScQ=="],

    "@solana/codecs-strings": ["@solana/codecs-strings@6.9.0", "", { "dependencies": { "@solana/codecs-core": "6.9.0", "@solana/codecs-numbers": "6.9.0", "@solana/errors": "6.9.0" }, "peerDependencies": { "fastestsmallesttextencoderdecoder": "^1.0.22", "typescript": ">=5.4.0" }, "optionalPeers": ["fastestsmallesttextencoderdecoder", "typescript"] }, "sha512-PTqYQxMsmdfEEq29bV1AnALD4FjFEsSxOj1fYNqooOSTEQEpUoYEQtsd55/kBsnIKltXbvYwXYXBusm19n1sQA=="],

    "@solana/errors": ["@solana/errors@6.9.0", "", { "dependencies": { "chalk": "5.6.2", "commander": "14.0.3" }, "peerDependencies": { "typescript": ">=5.4.0" }, "optionalPeers": ["typescript"], "bin": { "errors": "bin/cli.mjs" } }, "sha512-7i+b07KMnkbHvFlz7uWade3jvyc22UmVm8o9taxPK8YV3JNM/NkS8oQFvMac2MIaLPAlEs7I8MHyVLUal1yY4g=="],

    "@solana/fast-stable-stringify": ["@solana/fast-stable-stringify@6.9.0", "", { "peerDependencies": { "typescript": ">=5.4.0" }, "optionalPeers": ["typescript"] }, "sha512-l14zGVsURbT5Aox/kLFQywqV4VaE9/j3h2EvCu9oULVPMwzQB6yezJb1/KyiDwhm/RscooPd0gFQFIKEGQbayw=="],

    "@solana/fixed-points": ["@solana/fixed-points@6.9.0", "", { "dependencies": { "@solana/codecs-core": "6.9.0", "@solana/errors": "6.9.0" }, "peerDependencies": { "typescript": ">=5.4.0" }, "optionalPeers": ["typescript"] }, "sha512-0K7mbYC4jdAZFlXqXjpNanmEyZxk7K9NtXDLc1zuhGuxwH8J9guvohwdw2V7TQ9bfjCYsprY3Tp2kUVQpECGmA=="],

    "@solana/functional": ["@solana/functional@6.9.0", "", { "peerDependencies": { "typescript": ">=5.4.0" }, "optionalPeers": ["typescript"] }, "sha512-sgNHOaIjETZZuziZdlwPsU5EjBVj5M0dUbwrSQTTNZe0SxX3pQ1QFVcs5KyvdS7AQcpBVdLjx4CfQjdKXk52GA=="],

    "@solana/instruction-plans": ["@solana/instruction-plans@6.9.0", "", { "dependencies": { "@solana/errors": "6.9.0", "@solana/instructions": "6.9.0", "@solana/keys": "6.9.0", "@solana/promises": "6.9.0", "@solana/transaction-messages": "6.9.0", "@solana/transactions": "6.9.0" }, "peerDependencies": { "typescript": ">=5.4.0" }, "optionalPeers": ["typescript"] }, "sha512-SxTSOetEKD+WPzvDuYRsP1+KkwUp8KqL1n7oFx9ThxjyfEY0ly0i9KdbvX5yYVDOA2TSwrltgdu14y/Pf6y3Cg=="],

    "@solana/instructions": ["@solana/instructions@6.9.0", "", { "dependencies": { "@solana/codecs-core": "6.9.0", "@solana/errors": "6.9.0" }, "peerDependencies": { "typescript": ">=5.4.0" }, "optionalPeers": ["typescript"] }, "sha512-LZfJx3bGdUSbGaswoOEPHygticqkCg3TusRczPJXyCmKhoQzPCcGQQ99qMzP7Wg8pEV5tWA5t7tycf8E237ydg=="],

    "@solana/keys": ["@solana/keys@6.9.0", "", { "dependencies": { "@solana/assertions": "6.9.0", "@solana/codecs-core": "6.9.0", "@solana/codecs-strings": "6.9.0", "@solana/errors": "6.9.0", "@solana/nominal-types": "6.9.0", "@solana/promises": "6.9.0" }, "peerDependencies": { "typescript": ">=5.4.0" }, "optionalPeers": ["typescript"] }, "sha512-1g2QARiqSjNqT0EIqLDLQ5vRm7hCsbqgFwFAp5GsMV/8BTYT8s1Ct2wLHDZiJ4eAX6beTHVf8LbOBfVejtn3oQ=="],

    "@solana/kit": ["@solana/kit@6.9.0", "", { "dependencies": { "@solana/accounts": "6.9.0", "@solana/addresses": "6.9.0", "@solana/codecs": "6.9.0", "@solana/errors": "6.9.0", "@solana/functional": "6.9.0", "@solana/instruction-plans": "6.9.0", "@solana/instructions": "6.9.0", "@solana/keys": "6.9.0", "@solana/offchain-messages": "6.9.0", "@solana/plugin-core": "6.9.0", "@solana/plugin-interfaces": "6.9.0", "@solana/program-client-core": "6.9.0", "@solana/programs": "6.9.0", "@solana/rpc": "6.9.0", "@solana/rpc-api": "6.9.0", "@solana/rpc-parsed-types": "6.9.0", "@solana/rpc-spec-types": "6.9.0", "@solana/rpc-subscriptions": "6.9.0", "@solana/rpc-types": "6.9.0", "@solana/signers": "6.9.0", "@solana/subscribable": "6.9.0", "@solana/sysvars": "6.9.0", "@solana/transaction-confirmation": "6.9.0", "@solana/transaction-messages": "6.9.0", "@solana/transactions": "6.9.0" }, "peerDependencies": { "typescript": ">=5.4.0" }, "optionalPeers": ["typescript"] }, "sha512-k7BRz7Akfv8wiRtlCR/xUyDLfuMfYMelMR1+AC5KgwaRRJReDF0BucMLNN1In7WoI+KuWwr1OKv4na/oKpyeAQ=="],

    "@solana/nominal-types": ["@solana/nominal-types@6.9.0", "", { "peerDependencies": { "typescript": ">=5.4.0" }, "optionalPeers": ["typescript"] }, "sha512-ouhrnY7a6nsLXRGcariwcmHDdXroCNqOuzwtdjKt2c8e8Drwao9yxPH2VoViNgpq8IGNJeQMEI1TVnoJZRn0gw=="],

    "@solana/offchain-messages": ["@solana/offchain-messages@6.9.0", "", { "dependencies": { "@solana/addresses": "6.9.0", "@solana/codecs-core": "6.9.0", "@solana/codecs-data-structures": "6.9.0", "@solana/codecs-numbers": "6.9.0", "@solana/codecs-strings": "6.9.0", "@solana/errors": "6.9.0", "@solana/keys": "6.9.0", "@solana/nominal-types": "6.9.0" }, "peerDependencies": { "typescript": ">=5.4.0" }, "optionalPeers": ["typescript"] }, "sha512-qK3tqRPb+E0kmTz5qFXZbEdF4pyzfOWRZjyVESHVGemDDeGzZ1SV3zAxcA6HBCnv4wCBnlyaDPw8t+5sryNMAw=="],

    "@solana/options": ["@solana/options@6.9.0", "", { "dependencies": { "@solana/codecs-core": "6.9.0", "@solana/codecs-data-structures": "6.9.0", "@solana/codecs-numbers": "6.9.0", "@solana/codecs-strings": "6.9.0", "@solana/errors": "6.9.0" }, "peerDependencies": { "typescript": ">=5.4.0" }, "optionalPeers": ["typescript"] }, "sha512-H5ZRWNzzLMwHU/fRU9aVx+3TaMN4gDNCUYxsZxq0h7mqiwxFy6mpy95xPsfdldthCHDYtYnUTxe2sBatGbNHig=="],

    "@solana/plugin-core": ["@solana/plugin-core@6.9.0", "", { "peerDependencies": { "typescript": ">=5.4.0" }, "optionalPeers": ["typescript"] }, "sha512-KslLSnzY8zbGZibEBVMVUm2ZS8T2xf+cut7F65VjWPoWNAxU+p7933wsMz/az6CF7b65RI7iU3HhCr5/5QF50w=="],

    "@solana/plugin-interfaces": ["@solana/plugin-interfaces@6.9.0", "", { "dependencies": { "@solana/addresses": "6.9.0", "@solana/instruction-plans": "6.9.0", "@solana/keys": "6.9.0", "@solana/rpc-spec": "6.9.0", "@solana/rpc-subscriptions-spec": "6.9.0", "@solana/rpc-types": "6.9.0", "@solana/signers": "6.9.0" }, "peerDependencies": { "typescript": ">=5.4.0" }, "optionalPeers": ["typescript"] }, "sha512-Qj4sk9thkM1UgnFXvWIoezd/CbqpX/2jigLBDsMB5Ed/gmFlkBSTL127LFDSY3OtzBpXl4hROs+Zqv+5xqtguA=="],

    "@solana/program-client-core": ["@solana/program-client-core@6.9.0", "", { "dependencies": { "@solana/accounts": "6.9.0", "@solana/addresses": "6.9.0", "@solana/codecs-core": "6.9.0", "@solana/errors": "6.9.0", "@solana/instruction-plans": "6.9.0", "@solana/instructions": "6.9.0", "@solana/plugin-interfaces": "6.9.0", "@solana/rpc-api": "6.9.0", "@solana/signers": "6.9.0" }, "peerDependencies": { "typescript": ">=5.4.0" }, "optionalPeers": ["typescript"] }, "sha512-+iUnsddhs72QoBJoUO+/yHUXoBvYWa1sGCBRJk35zeg8j7ZXEwRkk6eX0VOrUPxhEpQbYJsIOCrIYApNIt8RFw=="],

    "@solana/programs": ["@solana/programs@6.9.0", "", { "dependencies": { "@solana/addresses": "6.9.0", "@solana/errors": "6.9.0" }, "peerDependencies": { "typescript": ">=5.4.0" }, "optionalPeers": ["typescript"] }, "sha512-L9LAnQtfFFcCDLcbbnxhUtgAmu/kS4aRmrVncdnX5CFyQshlpo0/Qhrq3UA7vnhute4gjYV4pFT+64onH5qGEQ=="],

    "@solana/promises": ["@solana/promises@6.9.0", "", { "peerDependencies": { "typescript": ">=5.4.0" }, "optionalPeers": ["typescript"] }, "sha512-227PlXRi6KZX4ODYTkJitr9InSa79NTquI72slay4gzxO9VmMepgvYdMAX6kawdN5pt+VzaklKhNhWXk50Pi9g=="],

    "@solana/rpc": ["@solana/rpc@6.9.0", "", { "dependencies": { "@solana/errors": "6.9.0", "@solana/fast-stable-stringify": "6.9.0", "@solana/functional": "6.9.0", "@solana/rpc-api": "6.9.0", "@solana/rpc-spec": "6.9.0", "@solana/rpc-spec-types": "6.9.0", "@solana/rpc-transformers": "6.9.0", "@solana/rpc-transport-http": "6.9.0", "@solana/rpc-types": "6.9.0" }, "peerDependencies": { "typescript": ">=5.4.0" }, "optionalPeers": ["typescript"] }, "sha512-ny1Kt20+oq3xZErNA56+Magmb2JKYfQgHwZTsBmHKVl/9mBpv1y1+ygV+KNiiX/wWXWstLbdIo1jgPwZPbU2Vg=="],

    "@solana/rpc-api": ["@solana/rpc-api@6.9.0", "", { "dependencies": { "@solana/addresses": "6.9.0", "@solana/codecs-core": "6.9.0", "@solana/codecs-strings": "6.9.0", "@solana/errors": "6.9.0", "@solana/keys": "6.9.0", "@solana/rpc-parsed-types": "6.9.0", "@solana/rpc-spec": "6.9.0", "@solana/rpc-transformers": "6.9.0", "@solana/rpc-types": "6.9.0", "@solana/transaction-messages": "6.9.0", "@solana/transactions": "6.9.0" }, "peerDependencies": { "typescript": ">=5.4.0" }, "optionalPeers": ["typescript"] }, "sha512-3KhXS6A1ie6GqTywW/KEMSXJ1VJEU66fxjhuiiqPILuJstP7kex3ycr3H6DirKydUsy6gaKaPN43rE+LfyS7OA=="],

    "@solana/rpc-parsed-types": ["@solana/rpc-parsed-types@6.9.0", "", { "peerDependencies": { "typescript": ">=5.4.0" }, "optionalPeers": ["typescript"] }, "sha512-6ThH8izY+DWDyrVOOlS40vTcFjwjCinjfqnId7zhRk8OxhkfHQ/iEj+OnGwD4Yhe8pGdVa7GNVYlrQgQgzQ3eQ=="],

    "@solana/rpc-spec": ["@solana/rpc-spec@6.9.0", "", { "dependencies": { "@solana/errors": "6.9.0", "@solana/rpc-spec-types": "6.9.0" }, "peerDependencies": { "typescript": ">=5.4.0" }, "optionalPeers": ["typescript"] }, "sha512-3yHRoChc0IpsJbUq0/94l+ar3t9U3Ax58W0HON7eyYe7zFP10UAxpkHn7DPch9DeALyuGph8kVnvl+kXRgJlGg=="],

    "@solana/rpc-spec-types": ["@solana/rpc-spec-types@6.9.0", "", { "peerDependencies": { "typescript": ">=5.4.0" }, "optionalPeers": ["typescript"] }, "sha512-A4fY1JRrcKqX3EfttO4Q8L97nGPqdjfekAV0eDyxN5nu9ngf5p7GKenkl7AYDoHLNr6ZX/C96cRADxXjsRJ0iA=="],

    "@solana/rpc-subscriptions": ["@solana/rpc-subscriptions@6.9.0", "", { "dependencies": { "@solana/errors": "6.9.0", "@solana/fast-stable-stringify": "6.9.0", "@solana/functional": "6.9.0", "@solana/promises": "6.9.0", "@solana/rpc-spec-types": "6.9.0", "@solana/rpc-subscriptions-api": "6.9.0", "@solana/rpc-subscriptions-channel-websocket": "6.9.0", "@solana/rpc-subscriptions-spec": "6.9.0", "@solana/rpc-transformers": "6.9.0", "@solana/rpc-types": "6.9.0", "@solana/subscribable": "6.9.0" }, "peerDependencies": { "typescript": ">=5.4.0" }, "optionalPeers": ["typescript"] }, "sha512-IMctZQaMxzvRACQ6ooW98lP+7tVoUJnRgOZtkAdzgBizldQAYPIKd3MulP0jbQPCMfdPsa2Hs0NBcUwfgonq3w=="],

    "@solana/rpc-subscriptions-api": ["@solana/rpc-subscriptions-api@6.9.0", "", { "dependencies": { "@solana/addresses": "6.9.0", "@solana/keys": "6.9.0", "@solana/rpc-subscriptions-spec": "6.9.0", "@solana/rpc-transformers": "6.9.0", "@solana/rpc-types": "6.9.0", "@solana/transaction-messages": "6.9.0", "@solana/transactions": "6.9.0" }, "peerDependencies": { "typescript": ">=5.4.0" }, "optionalPeers": ["typescript"] }, "sha512-UA/rPQeNx6zQMUFcS8PPPuB4vzUOtSzIY/igMH0DRoP020NyES2GguIb7Zo7sqDNi4n0gkQRhoW4dPVotcNKdA=="],

    "@solana/rpc-subscriptions-channel-websocket": ["@solana/rpc-subscriptions-channel-websocket@6.9.0", "", { "dependencies": { "@solana/errors": "6.9.0", "@solana/functional": "6.9.0", "@solana/rpc-subscriptions-spec": "6.9.0", "@solana/subscribable": "6.9.0", "ws": "^8.19.0" }, "peerDependencies": { "typescript": ">=5.4.0" }, "optionalPeers": ["typescript"] }, "sha512-kT8Yne9HjJD2gooaOFNSyKrvaIfOy2GR0Ymv8OfecBCwFStdz+SPo5eYXq8ZWoZbr5E/MMpHgqsHBanqa2Ffyg=="],

    "@solana/rpc-subscriptions-spec": ["@solana/rpc-subscriptions-spec@6.9.0", "", { "dependencies": { "@solana/errors": "6.9.0", "@solana/promises": "6.9.0", "@solana/rpc-spec-types": "6.9.0", "@solana/subscribable": "6.9.0" }, "peerDependencies": { "typescript": ">=5.4.0" }, "optionalPeers": ["typescript"] }, "sha512-DbaG67s99vRZQxFMK80UQ7DEKkRJK6JEZeYg/U5UttD6n7ax/vct7qopxGnrt4RCkaaac2fU8Sr+fcnvWQweUg=="],

    "@solana/rpc-transformers": ["@solana/rpc-transformers@6.9.0", "", { "dependencies": { "@solana/errors": "6.9.0", "@solana/functional": "6.9.0", "@solana/nominal-types": "6.9.0", "@solana/rpc-spec-types": "6.9.0", "@solana/rpc-types": "6.9.0" }, "peerDependencies": { "typescript": ">=5.4.0" }, "optionalPeers": ["typescript"] }, "sha512-dg4LK2wEBpaY+KRk/SJIkYvrvjdsc1AwD4bkmGY4Fp7EwVlvwBQShAQn78Qi4IP0WQ/0n9ncFyUxgcB1Y01ZuQ=="],

    "@solana/rpc-transport-http": ["@solana/rpc-transport-http@6.9.0", "", { "dependencies": { "@solana/errors": "6.9.0", "@solana/rpc-spec": "6.9.0", "@solana/rpc-spec-types": "6.9.0", "undici-types": "^8.2.0" }, "peerDependencies": { "typescript": ">=5.4.0" }, "optionalPeers": ["typescript"] }, "sha512-4gy30fWJcS6jrcXCoP/optFpGJ/gD9xdkE8wDbe1Ys/Y+e4XjyBt45xtTnbdmMdukvdRX+oXS3zgUIYoagpNzQ=="],

    "@solana/rpc-types": ["@solana/rpc-types@6.9.0", "", { "dependencies": { "@solana/addresses": "6.9.0", "@solana/codecs-core": "6.9.0", "@solana/codecs-numbers": "6.9.0", "@solana/codecs-strings": "6.9.0", "@solana/errors": "6.9.0", "@solana/fixed-points": "6.9.0", "@solana/nominal-types": "6.9.0" }, "peerDependencies": { "typescript": ">=5.4.0" }, "optionalPeers": ["typescript"] }, "sha512-iFhPzZK3qiQ1lhfNTNBTI7BIs5PfWZSgRLD3enKm8ZAQggzvUklfO3KPh47jVsc/Jsr1UGPH8M3o3m17qjO1Cg=="],

    "@solana/signers": ["@solana/signers@6.9.0", "", { "dependencies": { "@solana/addresses": "6.9.0", "@solana/codecs-core": "6.9.0", "@solana/errors": "6.9.0", "@solana/instructions": "6.9.0", "@solana/keys": "6.9.0", "@solana/nominal-types": "6.9.0", "@solana/offchain-messages": "6.9.0", "@solana/transaction-messages": "6.9.0", "@solana/transactions": "6.9.0" }, "peerDependencies": { "typescript": ">=5.4.0" }, "optionalPeers": ["typescript"] }, "sha512-x7WyoRm9IORMqeSqNivZgyY+RERPkmqWxpINPD13kUH+oaZzonORIgxk2Lz+u5iPRXiJPkdRPrQ4FoFWv8i6kQ=="],

    "@solana/subscribable": ["@solana/subscribable@6.9.0", "", { "dependencies": { "@solana/errors": "6.9.0" }, "peerDependencies": { "typescript": ">=5.4.0" }, "optionalPeers": ["typescript"] }, "sha512-YV0/BrJNfepf10CTfLwD7kRY1kkELDHd+BbHJZhBeiuiXTY3xQTvvx1RFs3NtfFCcTHG25Uh8NpRacQJnxSSIQ=="],

    "@solana/sysvars": ["@solana/sysvars@6.9.0", "", { "dependencies": { "@solana/accounts": "6.9.0", "@solana/codecs-core": "6.9.0", "@solana/codecs-data-structures": "6.9.0", "@solana/codecs-numbers": "6.9.0", "@solana/errors": "6.9.0", "@solana/rpc-types": "6.9.0" }, "peerDependencies": { "typescript": ">=5.4.0" }, "optionalPeers": ["typescript"] }, "sha512-e0e+QKr/th9t/O2N1oUoJmcodLghzAtWKUlGb1zyYub0/WJrPImnKqJqp/gDP4tK98mJxopPMcprCeHk4B+TQg=="],

    "@solana/transaction-confirmation": ["@solana/transaction-confirmation@6.9.0", "", { "dependencies": { "@solana/addresses": "6.9.0", "@solana/codecs-strings": "6.9.0", "@solana/errors": "6.9.0", "@solana/keys": "6.9.0", "@solana/promises": "6.9.0", "@solana/rpc": "6.9.0", "@solana/rpc-subscriptions": "6.9.0", "@solana/rpc-types": "6.9.0", "@solana/transaction-messages": "6.9.0", "@solana/transactions": "6.9.0" }, "peerDependencies": { "typescript": ">=5.4.0" }, "optionalPeers": ["typescript"] }, "sha512-fzYCOih7hhtBzzNSkAnxMjeFeQ8U7e27k9i0RsgQc3/e3OCynF5HoIVNhhqZbwfIBKiaD4ginJR6slRnfqO32Q=="],

    "@solana/transaction-messages": ["@solana/transaction-messages@6.9.0", "", { "dependencies": { "@solana/addresses": "6.9.0", "@solana/codecs-core": "6.9.0", "@solana/codecs-data-structures": "6.9.0", "@solana/codecs-numbers": "6.9.0", "@solana/errors": "6.9.0", "@solana/functional": "6.9.0", "@solana/instructions": "6.9.0", "@solana/nominal-types": "6.9.0", "@solana/rpc-types": "6.9.0" }, "peerDependencies": { "typescript": ">=5.4.0" }, "optionalPeers": ["typescript"] }, "sha512-OWpryt0w6SHlwHx12Vd1wvx2QwSGBXAIUEHTCtkctcM3AaZRy5cIl7CAq9iD5PgahUsaOyRLBV0zlCJcC2JrJA=="],

    "@solana/transactions": ["@solana/transactions@6.9.0", "", { "dependencies": { "@solana/addresses": "6.9.0", "@solana/codecs-core": "6.9.0", "@solana/codecs-data-structures": "6.9.0", "@solana/codecs-numbers": "6.9.0", "@solana/codecs-strings": "6.9.0", "@solana/errors": "6.9.0", "@solana/functional": "6.9.0", "@solana/instructions": "6.9.0", "@solana/keys": "6.9.0", "@solana/nominal-types": "6.9.0", "@solana/rpc-types": "6.9.0", "@solana/transaction-messages": "6.9.0" }, "peerDependencies": { "typescript": ">=5.4.0" }, "optionalPeers": ["typescript"] }, "sha512-uKPzLwHbjwChfVl82he17ntkh02PfgnMMhN7uOAC+VbkIt1O+EEw8sX87gi6kdG/EV+QBDQXm9PLAo5W0tYylw=="],

    "@types/bun": ["@types/bun@1.3.14", "", { "dependencies": { "bun-types": "1.3.14" } }, "sha512-h1hFqFVcvAvD9j9K7ZW7vd82aSA+rTdznZa+5bwvCwqSB1jmmfLcbIWhOLx1/+boy/xmjgCs/OMUL8hRJSmnPw=="],

    "@types/node": ["@types/node@25.9.1", "", { "dependencies": { "undici-types": ">=7.24.0 <7.24.7" } }, "sha512-xfrlY7UD5rMJk3ZVJP8BNzS28J36YJg+xp+LPXV1TdWxr8uMH5A860QNxYDGQe/ylDSgjxE52Q9VnO7p75tJxg=="],

    "bun-types": ["bun-types@1.3.14", "", { "dependencies": { "@types/node": "*" } }, "sha512-4N0ig0fEomHt5R0KCFWjovxow98rIoRwKolrYdCcknNwMekCXRnWEUvgu5soYV8QXtVsrUD8B95MBOZGPvr6KQ=="],

    "chalk": ["chalk@5.6.2", "", {}, "sha512-7NzBL0rN6fMUW+f7A6Io4h40qQlG+xGmtMxfbnH/K7TAtt8JQWVQK+6g0UXKMeVJoyV5EkkNsErQ8pVD3bLHbA=="],

    "commander": ["commander@14.0.3", "", {}, "sha512-H+y0Jo/T1RZ9qPP4Eh1pkcQcLRglraJaSLoyOtHxu6AapkjWVCy2Sit1QQ4x3Dng8qDlSsZEet7g5Pq06MvTgw=="],

    "litesvm": ["litesvm@1.1.0", "", { "dependencies": { "@solana-program/system": "^0.12.0", "@solana-program/token": "^0.13.0", "@solana/kit": "^6.9.0" }, "optionalDependencies": { "litesvm-darwin-arm64": "1.1.0", "litesvm-darwin-x64": "1.1.0", "litesvm-linux-arm64-gnu": "1.1.0", "litesvm-linux-arm64-musl": "1.1.0", "litesvm-linux-x64-gnu": "1.1.0", "litesvm-linux-x64-musl": "1.1.0" } }, "sha512-UOlMIEst50gSUyPnC2pGjGLygH8iC/GOqnNXQIHc8iGwD76m44ReeA/0h0vu/AIieZ2zG5/ERLxFV0kdNxkNsA=="],

    "litesvm-darwin-arm64": ["litesvm-darwin-arm64@1.1.0", "", { "os": "darwin", "cpu": "arm64" }, "sha512-SjcivEOOjBk65U6TgIeMJ7CCnHNKQXHx0qf6K6GIFZC1aHTg7ePrEi+WhAQD6VUBMdDHIMCVKC/uXnXPi6EKIw=="],

    "litesvm-darwin-x64": ["litesvm-darwin-x64@1.1.0", "", { "os": "darwin", "cpu": "x64" }, "sha512-hTs+eZ9sHVZXhjggpnn/8A/E+Nt/E6Gf8E2ejdWWL9bBQKmq1Y0VcrDpORbIvqqRpTLHXqbxCuH1wQB2C8frJg=="],

    "litesvm-linux-arm64-gnu": ["litesvm-linux-arm64-gnu@1.1.0", "", { "os": "linux", "cpu": "arm64" }, "sha512-6EjJ6+E+1SUXdJmCyeyhvlKhNncccqQNH241+P8d4E72rE3zuFxeCtLHhusCQk2p/Xau3dBI0qTLogZ1F1IGSA=="],

    "litesvm-linux-arm64-musl": ["litesvm-linux-arm64-musl@1.1.0", "", { "os": "linux", "cpu": "arm64" }, "sha512-mNuBOfX6GnDFT2i/kYPWud7eZGe57dDP0u4lwiSTQPRE0BxQbGZT2aEwX8LTwbonhbc6HSt50LamaZZzK4h4ig=="],

    "litesvm-linux-x64-gnu": ["litesvm-linux-x64-gnu@1.1.0", "", { "os": "linux", "cpu": "x64" }, "sha512-Ot8RgUVlMKzKJi2nVDxaHVo0hjB5vtYTomYNIf26mIA32DOy0+dQfwOqUhynhvvSMxN3VFec3r/OtCnk6lRBrw=="],

    "litesvm-linux-x64-musl": ["litesvm-linux-x64-musl@1.1.0", "", { "os": "linux", "cpu": "x64" }, "sha512-6kmneOIsTBSActELRTwxIYVJOVaLm3P6uwlmkqc9BUtDAQ7bRdRmwREWSbM8XxKBGw2LjiUfgRJ5WJGYo8fUFg=="],

    "typescript": ["typescript@5.9.3", "", { "bin": { "tsc": "bin/tsc", "tsserver": "bin/tsserver" } }, "sha512-jl1vZzPDinLr9eUt3J/t7V6FgNEw9QjvBPdysz9KfQDD41fQrC2Y4vKQdiaUpFT4bXlb1RHhLpp8wtm6M5TgSw=="],

    "undici-types": ["undici-types@7.24.6", "", {}, "sha512-WRNW+sJgj5OBN4/0JpHFqtqzhpbnV0GuB+OozA9gCL7a993SmU+1JBZCzLNxYsbMfIeDL+lTsphD5jN5N+n0zg=="],

    "ws": ["ws@8.21.0", "", { "peerDependencies": { "bufferutil": "^4.0.1", "utf-8-validate": ">=5.0.2" }, "optionalPeers": ["bufferutil", "utf-8-validate"] }, "sha512-Vsp28b7DRcimFQvrqu2Wek3z1iYxDCWqHYB8Qsnk/S4RfaCQzPGPyBNuVjJV3cd6UiKtUtp6sNM77gWvzcCH+g=="],

    "@solana/rpc-transport-http/undici-types": ["undici-types@8.3.0", "", {}, "sha512-j375ScV60dom+YkPFIfTLcOiPxkN/buHz5GobjLhixFuANaNs3C9l4GmrWqejgXWJ7BbJcFYpTEUkS1Ge8bpZQ=="],
  }
}
